schema: '2.0'
stages:
  generate_company_reference:
    cmd: python src/dow30_reference.py
    deps:
    - path: src/dow30_reference.py
      hash: md5
      md5: 822dc2b0f0c02545f4e4361cf3f6133f
      size: 3404
    outs:
    - path: data/reference/dow30_companies.csv
      hash: md5
      md5: 9a89771360b46ebb20b89510b0ac77ab
      size: 3094
    - path: data/reference/dow30_companies.json
      hash: md5
      md5: 10054eeeac1061ed967db474697e2790
      size: 6276
